
Microsoft Visual Studio Solution File, Format Version 12.00
# Visual Studio Version 16
VisualStudioVersion = 16.0.29230.47
MinimumVisualStudioVersion = 10.0.40219.1
Project("{FAE04EC0-301F-11D3-BF4B-00C04F79EFBC}") = "HelloWorlds.Cons", "HelloWorlds.Cons\HelloWorlds.Cons.csproj", "{26241D75-0433-4D16-A861-92A9559DD72B}"
EndProject
Project("{FAE04EC0-301F-11D3-BF4B-00C04F79EFBC}") = "HelloWorlds.Wpf", "HelloWorlds.Wpf\HelloWorlds.Wpf.csproj", "{E6DCA9A9-8EF3-4565-9CD7-A6068FECD7CC}"
EndProject
Project("{FAE04EC0-301F-11D3-BF4B-00C04F79EFBC}") = "HelloWorlds.Web", "HelloWorlds.Web\HelloWorlds.Web.csproj", "{2F7C0558-EDD8-4530-9818-20F1353BC2A0}"
EndProject
Global
	GlobalSection(SolutionConfigurationPlatforms) = preSolution
		Debug|Any CPU = Debug|Any CPU
		Release|Any CPU = Release|Any CPU
	EndGlobalSection
	GlobalSection(ProjectConfigurationPlatforms) = postSolution
		{26241D75-0433-4D16-A861-92A9559DD72B}.Debug|Any CPU.ActiveCfg = Debug|Any CPU
		{26241D75-0433-4D16-A861-92A9559DD72B}.Debug|Any CPU.Build.0 = Debug|Any CPU
		{26241D75-0433-4D16-A861-92A9559DD72B}.Release|Any CPU.ActiveCfg = Release|Any CPU
		{26241D75-0433-4D16-A861-92A9559DD72B}.Release|Any CPU.Build.0 = Release|Any CPU
		{E6DCA9A9-8EF3-4565-9CD7-A6068FECD7CC}.Debug|Any CPU.ActiveCfg = Debug|Any CPU
		{E6DCA9A9-8EF3-4565-9CD7-A6068FECD7CC}.Debug|Any CPU.Build.0 = Debug|Any CPU
		{E6DCA9A9-8EF3-4565-9CD7-A6068FECD7CC}.Release|Any CPU.ActiveCfg = Release|Any CPU
		{E6DCA9A9-8EF3-4565-9CD7-A6068FECD7CC}.Release|Any CPU.Build.0 = Release|Any CPU
		{2F7C0558-EDD8-4530-9818-20F1353BC2A0}.Debug|Any CPU.ActiveCfg = Debug|Any CPU
		{2F7C0558-EDD8-4530-9818-20F1353BC2A0}.Debug|Any CPU.Build.0 = Debug|Any CPU
		{2F7C0558-EDD8-4530-9818-20F1353BC2A0}.Release|Any CPU.ActiveCfg = Release|Any CPU
		{2F7C0558-EDD8-4530-9818-20F1353BC2A0}.Release|Any CPU.Build.0 = Release|Any CPU
	EndGlobalSection
	GlobalSection(SolutionProperties) = preSolution
		HideSolutionNode = FALSE
	EndGlobalSection
	GlobalSection(ExtensibilityGlobals) = postSolution
		SolutionGuid = {B340889D-1D88-45A0-B08A-DEA4B890004E}
	EndGlobalSection
EndGlobal
